// !$*UTF8*$!
{
	archiveVersion = 1;
	classes = {
	};
	objectVersion = 56;
	objects = {

/* Begin PBXBuildFile section */
		7B1581872C6A476200599E7C /* GuideUApp.swift in Sources */ = {isa = PBXBuildFile; fileRef = 7B1581862C6A476200599E7C /* GuideUApp.swift */; };
		7B15818B2C6A476300599E7C /* Assets.xcassets in Resources */ = {isa = PBXBuildFile; fileRef = 7B15818A2C6A476300599E7C /* Assets.xcassets */; };
		7B15818E2C6A476300599E7C /* Preview Assets.xcassets in Resources */ = {isa = PBXBuildFile; fileRef = 7B15818D2C6A476300599E7C /* Preview Assets.xcassets */; };
		7B1581952C6A4D7D00599E7C /* .gitignore in Resources */ = {isa = PBXBuildFile; fileRef = 7B1581942C6A4D7D00599E7C /* .gitignore */; };
		7B1581A12C6A50F200599E7C /* WantedSans-Black.otf in Resources */ = {isa = PBXBuildFile; fileRef = 7B15819A2C6A50F200599E7C /* WantedSans-Black.otf */; };
		7B1581A22C6A50F200599E7C /* WantedSans-ExtraBlack.otf in Resources */ = {isa = PBXBuildFile; fileRef = 7B15819B2C6A50F200599E7C /* WantedSans-ExtraBlack.otf */; };
		7B1581A32C6A50F200599E7C /* WantedSans-Regular.otf in Resources */ = {isa = PBXBuildFile; fileRef = 7B15819C2C6A50F200599E7C /* WantedSans-Regular.otf */; };
		7B1581A42C6A50F200599E7C /* WantedSans-Bold.otf in Resources */ = {isa = PBXBuildFile; fileRef = 7B15819D2C6A50F200599E7C /* WantedSans-Bold.otf */; };
		7B1581A52C6A50F200599E7C /* WantedSans-ExtraBold.otf in Resources */ = {isa = PBXBuildFile; fileRef = 7B15819E2C6A50F200599E7C /* WantedSans-ExtraBold.otf */; };
		7B1581A62C6A50F200599E7C /* WantedSans-Medium.otf in Resources */ = {isa = PBXBuildFile; fileRef = 7B15819F2C6A50F200599E7C /* WantedSans-Medium.otf */; };
		7B1581A72C6A50F200599E7C /* WantedSans-SemiBold.otf in Resources */ = {isa = PBXBuildFile; fileRef = 7B1581A02C6A50F200599E7C /* WantedSans-SemiBold.otf */; };
		7B1581AA2C6A518200599E7C /* ExFont.swift in Sources */ = {isa = PBXBuildFile; fileRef = 7B1581A92C6A518200599E7C /* ExFont.swift */; };
		7B1581AC2C6A528F00599E7C /* ExImage.swift in Sources */ = {isa = PBXBuildFile; fileRef = 7B1581AB2C6A528F00599E7C /* ExImage.swift */; };
		7B1581AF2C6A53A800599E7C /* GuideUColor.swift in Sources */ = {isa = PBXBuildFile; fileRef = 7B1581AE2C6A53A800599E7C /* GuideUColor.swift */; };
		7B1581B22C6A54E700599E7C /* TabCase.swift in Sources */ = {isa = PBXBuildFile; fileRef = 7B1581B12C6A54E600599E7C /* TabCase.swift */; };
		7B1581B62C6A560800599E7C /* GuideUTabView.swift in Sources */ = {isa = PBXBuildFile; fileRef = 7B1581B52C6A560800599E7C /* GuideUTabView.swift */; };
		7B1581B92C6A56EC00599E7C /* SplashView.swift in Sources */ = {isa = PBXBuildFile; fileRef = 7B1581B82C6A56EC00599E7C /* SplashView.swift */; };
		7B1581BD2C6A58B700599E7C /* Const.swift in Sources */ = {isa = PBXBuildFile; fileRef = 7B1581BC2C6A58B700599E7C /* Const.swift */; };
		7B1581C22C6BBB8C00599E7C /* ComposableArchitecture in Frameworks */ = {isa = PBXBuildFile; productRef = 7B1581C12C6BBB8C00599E7C /* ComposableArchitecture */; };
		7B1581C52C6BBD1C00599E7C /* TCACoordinators in Frameworks */ = {isa = PBXBuildFile; productRef = 7B1581C42C6BBD1C00599E7C /* TCACoordinators */; };
		7B1581C82C6BBD3F00599E7C /* Alamofire in Frameworks */ = {isa = PBXBuildFile; productRef = 7B1581C72C6BBD3F00599E7C /* Alamofire */; };
		7B1581CB2C6BBD4F00599E7C /* Kingfisher in Frameworks */ = {isa = PBXBuildFile; productRef = 7B1581CA2C6BBD4F00599E7C /* Kingfisher */; };
		7B1581CE2C6BBD6800599E7C /* PopupView in Frameworks */ = {isa = PBXBuildFile; productRef = 7B1581CD2C6BBD6800599E7C /* PopupView */; };
		7B1581D02C6C7F5200599E7C /* SplashFeature.swift in Sources */ = {isa = PBXBuildFile; fileRef = 7B1581CF2C6C7F5200599E7C /* SplashFeature.swift */; };
		7B1581D32C6C811100599E7C /* UserDefaultsWrapper.swift in Sources */ = {isa = PBXBuildFile; fileRef = 7B1581D22C6C811100599E7C /* UserDefaultsWrapper.swift */; };
		7B1581D62C6C815800599E7C /* CodableManager.swift in Sources */ = {isa = PBXBuildFile; fileRef = 7B1581D52C6C815800599E7C /* CodableManager.swift */; };
		7B1581D82C6C823900599E7C /* UserDefaultsManager.swift in Sources */ = {isa = PBXBuildFile; fileRef = 7B1581D72C6C823900599E7C /* UserDefaultsManager.swift */; };
		7B1581DB2C6CB28A00599E7C /* RootCoordinator.swift in Sources */ = {isa = PBXBuildFile; fileRef = 7B1581DA2C6CB28A00599E7C /* RootCoordinator.swift */; };
		7B1581DD2C6CB34900599E7C /* RootCoordinatorView.swift in Sources */ = {isa = PBXBuildFile; fileRef = 7B1581DC2C6CB34900599E7C /* RootCoordinatorView.swift */; };
		7B1581E42C6CB85100599E7C /* OnBoardPageView.swift in Sources */ = {isa = PBXBuildFile; fileRef = 7B1581E32C6CB85100599E7C /* OnBoardPageView.swift */; };
		7B1581E62C6CBA4200599E7C /* OnboardPageFeature.swift in Sources */ = {isa = PBXBuildFile; fileRef = 7B1581E52C6CBA4200599E7C /* OnboardPageFeature.swift */; };
		7B1581E82C6CBEC400599E7C /* ExView.swift in Sources */ = {isa = PBXBuildFile; fileRef = 7B1581E72C6CBEC400599E7C /* ExView.swift */; };
		7B1581EA2C6CBEDF00599E7C /* ButtonWrapper.swift in Sources */ = {isa = PBXBuildFile; fileRef = 7B1581E92C6CBEDF00599E7C /* ButtonWrapper.swift */; };
		7B1581EE2C6CC41900599E7C /* TabCoordinator.swift in Sources */ = {isa = PBXBuildFile; fileRef = 7B1581ED2C6CC41900599E7C /* TabCoordinator.swift */; };
		7B1581F42C6CEBC200599E7C /* Router.swift in Sources */ = {isa = PBXBuildFile; fileRef = 7B1581F32C6CEBC200599E7C /* Router.swift */; };
		7B1581F92C6CEF1200599E7C /* EncodingType.swift in Sources */ = {isa = PBXBuildFile; fileRef = 7B1581F82C6CEF1200599E7C /* EncodingType.swift */; };
		7B1581FD2C6CF2AF00599E7C /* MemeDTO.swift in Sources */ = {isa = PBXBuildFile; fileRef = 7B1581FC2C6CF2AF00599E7C /* MemeDTO.swift */; };
		7B1581FF2C6CF2C400599E7C /* DTO.swift in Sources */ = {isa = PBXBuildFile; fileRef = 7B1581FE2C6CF2C400599E7C /* DTO.swift */; };
		7B1582012C6CF30000599E7C /* DuplicateDTO.swift in Sources */ = {isa = PBXBuildFile; fileRef = 7B1582002C6CF30000599E7C /* DuplicateDTO.swift */; };
		7B1582032C6CF33400599E7C /* RelatedVideoDTO.swift in Sources */ = {isa = PBXBuildFile; fileRef = 7B1582022C6CF33400599E7C /* RelatedVideoDTO.swift */; };
		7B1582052C6CF3DA00599E7C /* DTOList.swift in Sources */ = {isa = PBXBuildFile; fileRef = 7B1582042C6CF3DA00599E7C /* DTOList.swift */; };
		7B15820A2C6E1F6D00599E7C /* SearchDTO.swift in Sources */ = {isa = PBXBuildFile; fileRef = 7B1582092C6E1F6D00599E7C /* SearchDTO.swift */; };
		7B15820D2C6E207100599E7C /* RelatedVideoTypeDTO.swift in Sources */ = {isa = PBXBuildFile; fileRef = 7B15820C2C6E207100599E7C /* RelatedVideoTypeDTO.swift */; };
		7B15820F2C6E20CA00599E7C /* SearchTypeDTO.swift in Sources */ = {isa = PBXBuildFile; fileRef = 7B15820E2C6E20CA00599E7C /* SearchTypeDTO.swift */; };
		7B1582492C73043F00599E7C /* HomeView.swift in Sources */ = {isa = PBXBuildFile; fileRef = 7B1582482C73043F00599E7C /* HomeView.swift */; };
		7B15824E2C73075D00599E7C /* ScrollDetector.swift in Sources */ = {isa = PBXBuildFile; fileRef = 7B15824D2C73075D00599E7C /* ScrollDetector.swift */; };
		7B1582562C745C7C00599E7C /* HeaderEntity.swift in Sources */ = {isa = PBXBuildFile; fileRef = 7B1582552C745C7C00599E7C /* HeaderEntity.swift */; };
		7B1582582C74855700599E7C /* PersonSectionView.swift in Sources */ = {isa = PBXBuildFile; fileRef = 7B1582572C74855700599E7C /* PersonSectionView.swift */; };
		7B15825A2C74A70000599E7C /* PersonFeature.swift in Sources */ = {isa = PBXBuildFile; fileRef = 7B1582592C74A70000599E7C /* PersonFeature.swift */; };
		7B15825D2C74B1DF00599E7C /* CharacterDTO.swift in Sources */ = {isa = PBXBuildFile; fileRef = 7B15825C2C74B1DF00599E7C /* CharacterDTO.swift */; };
		7B1582642C74B52A00599E7C /* DetailErrorDTO.swift in Sources */ = {isa = PBXBuildFile; fileRef = 7B1582632C74B52A00599E7C /* DetailErrorDTO.swift */; };
		7BACA3CF2C7C41A2008D4CFC /* HomeCoordinator.swift in Sources */ = {isa = PBXBuildFile; fileRef = 7BACA3CE2C7C41A2008D4CFC /* HomeCoordinator.swift */; };
		7BACA3D12C7C4463008D4CFC /* HomeCoordinatorView.swift in Sources */ = {isa = PBXBuildFile; fileRef = 7BACA3D02C7C4463008D4CFC /* HomeCoordinatorView.swift */; };
		7BACA3D32C7C49D9008D4CFC /* Entity.swift in Sources */ = {isa = PBXBuildFile; fileRef = 7BACA3D22C7C49D9008D4CFC /* Entity.swift */; };
		7BACA3DA2C7D8FEF008D4CFC /* DropDownMenu.swift in Sources */ = {isa = PBXBuildFile; fileRef = 7BACA3D92C7D8FEF008D4CFC /* DropDownMenu.swift */; };
		7BACA3E02C7DB9EB008D4CFC /* GuideUSearchBarView.swift in Sources */ = {isa = PBXBuildFile; fileRef = 7BACA3DF2C7DB9EB008D4CFC /* GuideUSearchBarView.swift */; };
		7BACA41C2C7EE7FE008D4CFC /* MoreCharacterView.swift in Sources */ = {isa = PBXBuildFile; fileRef = 7BACA41B2C7EE7FE008D4CFC /* MoreCharacterView.swift */; };
		7BACA4202C7EECAD008D4CFC /* ExString.swift in Sources */ = {isa = PBXBuildFile; fileRef = 7BACA41F2C7EECAD008D4CFC /* ExString.swift */; };
		7BACA4262C803E35008D4CFC /* MoreCharacterFeature.swift in Sources */ = {isa = PBXBuildFile; fileRef = 7BACA4252C803E35008D4CFC /* MoreCharacterFeature.swift */; };
		7BACA42C2C8191CE008D4CFC /* MoreCharacterListView.swift in Sources */ = {isa = PBXBuildFile; fileRef = 7BACA42B2C8191CE008D4CFC /* MoreCharacterListView.swift */; };
		DF1DECD12C7D79370098F761 /* CharacterRepository.swift in Sources */ = {isa = PBXBuildFile; fileRef = DF1DECD02C7D79370098F761 /* CharacterRepository.swift */; };
		DF1DECD32C7D79820098F761 /* CharacterMapper.swift in Sources */ = {isa = PBXBuildFile; fileRef = DF1DECD22C7D79820098F761 /* CharacterMapper.swift */; };
		DF1DECD62C7D7B9D0098F761 /* CharacterEntity.swift in Sources */ = {isa = PBXBuildFile; fileRef = DF1DECD52C7D7B9D0098F761 /* CharacterEntity.swift */; };
		DF1DECD92C7D7EB10098F761 /* DetailErrorEntity.swift in Sources */ = {isa = PBXBuildFile; fileRef = DF1DECD82C7D7EB10098F761 /* DetailErrorEntity.swift */; };
		DF1DECDB2C7D7EF40098F761 /* ErrorEntity.swift in Sources */ = {isa = PBXBuildFile; fileRef = DF1DECDA2C7D7EF40098F761 /* ErrorEntity.swift */; };
		DF1DECDF2C7D7F930098F761 /* ErrorMapper.swift in Sources */ = {isa = PBXBuildFile; fileRef = DF1DECDE2C7D7F930098F761 /* ErrorMapper.swift */; };
		DF2DBBF12C809464000581F6 /* VideoRepository.swift in Sources */ = {isa = PBXBuildFile; fileRef = DF2DBBF02C809464000581F6 /* VideoRepository.swift */; };
		DF2DBBF32C8094A1000581F6 /* VideoMapper.swift in Sources */ = {isa = PBXBuildFile; fileRef = DF2DBBF22C8094A1000581F6 /* VideoMapper.swift */; };
		DF2DBBF62C80987A000581F6 /* VideosEntity.swift in Sources */ = {isa = PBXBuildFile; fileRef = DF2DBBF52C80987A000581F6 /* VideosEntity.swift */; };
		DF2DBBF82C809CE2000581F6 /* DateManager.swift in Sources */ = {isa = PBXBuildFile; fileRef = DF2DBBF72C809CE2000581F6 /* DateManager.swift */; };
		DF5879572C7F0A0E009F9171 /* SimpleErrorEntity.swift in Sources */ = {isa = PBXBuildFile; fileRef = DF5879562C7F0A0E009F9171 /* SimpleErrorEntity.swift */; };
		DF5879592C7F0AC1009F9171 /* DetailedErrorEntity.swift in Sources */ = {isa = PBXBuildFile; fileRef = DF5879582C7F0AC1009F9171 /* DetailedErrorEntity.swift */; };
		DF58795B2C7F0B0C009F9171 /* SimpleErrorDTO.swift in Sources */ = {isa = PBXBuildFile; fileRef = DF58795A2C7F0B0C009F9171 /* SimpleErrorDTO.swift */; };
		DF58795D2C7F0B1F009F9171 /* DetailedErrorDTO.swift in Sources */ = {isa = PBXBuildFile; fileRef = DF58795C2C7F0B1F009F9171 /* DetailedErrorDTO.swift */; };
		DF58795F2C7F0B41009F9171 /* APIErrorResponseDTO.swift in Sources */ = {isa = PBXBuildFile; fileRef = DF58795E2C7F0B41009F9171 /* APIErrorResponseDTO.swift */; };
		DF5879612C7F15DC009F9171 /* LinkDTO.swift in Sources */ = {isa = PBXBuildFile; fileRef = DF5879602C7F15DC009F9171 /* LinkDTO.swift */; };
		DF5879632C7F1701009F9171 /* LinkEntity.swift in Sources */ = {isa = PBXBuildFile; fileRef = DF5879622C7F1701009F9171 /* LinkEntity.swift */; };
		DF83B81E2C804ACC0088DE31 /* VideoDTO.swift in Sources */ = {isa = PBXBuildFile; fileRef = DF83B81D2C804ACC0088DE31 /* VideoDTO.swift */; };
		DF83B8202C804B070088DE31 /* VideosDTO.swift in Sources */ = {isa = PBXBuildFile; fileRef = DF83B81F2C804B070088DE31 /* VideosDTO.swift */; };
		DF83B8222C804C130088DE31 /* VideoRouter.swift in Sources */ = {isa = PBXBuildFile; fileRef = DF83B8212C804C130088DE31 /* VideoRouter.swift */; };
		DF83B8242C8055E80088DE31 /* SearchRouter.swift in Sources */ = {isa = PBXBuildFile; fileRef = DF83B8232C8055E80088DE31 /* SearchRouter.swift */; };
		DF986E7E2C7CC82800F2D52F /* NetworkManager.swift in Sources */ = {isa = PBXBuildFile; fileRef = DF986E7D2C7CC82800F2D52F /* NetworkManager.swift */; };
		DF986E802C7CC89800F2D52F /* NetworkInterceptor.swift in Sources */ = {isa = PBXBuildFile; fileRef = DF986E7F2C7CC89800F2D52F /* NetworkInterceptor.swift */; };
		DF986E822C7CCA3E00F2D52F /* ErrorDTO.swift in Sources */ = {isa = PBXBuildFile; fileRef = DF986E812C7CCA3E00F2D52F /* ErrorDTO.swift */; };
		DF986E852C7CCACC00F2D52F /* CharacterRouter.swift in Sources */ = {isa = PBXBuildFile; fileRef = DF986E842C7CCACC00F2D52F /* CharacterRouter.swift */; };
		DFABE72E2C6E0A1600EF5B81 /* GuideUURL.swift in Sources */ = {isa = PBXBuildFile; fileRef = DFABE72D2C6E0A1600EF5B81 /* GuideUURL.swift */; };
		DFABE7302C6E1EA900EF5B81 /* ExColor.swift in Sources */ = {isa = PBXBuildFile; fileRef = DFABE72F2C6E1EA900EF5B81 /* ExColor.swift */; };
/* End PBXBuildFile section */

/* Begin PBXFileReference section */
		7B1581832C6A476200599E7C /* GuideU.app */ = {isa = PBXFileReference; explicitFileType = wrapper.application; includeInIndex = 0; path = GuideU.app; sourceTree = BUILT_PRODUCTS_DIR; };
		7B1581862C6A476200599E7C /* GuideUApp.swift */ = {isa = PBXFileReference; lastKnownFileType = sourcecode.swift; path = GuideUApp.swift; sourceTree = "<group>"; };
		7B15818A2C6A476300599E7C /* Assets.xcassets */ = {isa = PBXFileReference; lastKnownFileType = folder.assetcatalog; path = Assets.xcassets; sourceTree = "<group>"; };
		7B15818D2C6A476300599E7C /* Preview Assets.xcassets */ = {isa = PBXFileReference; lastKnownFileType = folder.assetcatalog; path = "Preview Assets.xcassets"; sourceTree = "<group>"; };
		7B1581942C6A4D7D00599E7C /* .gitignore */ = {isa = PBXFileReference; lastKnownFileType = text; path = .gitignore; sourceTree = "<group>"; };
		7B15819A2C6A50F200599E7C /* WantedSans-Black.otf */ = {isa = PBXFileReference; lastKnownFileType = file; path = "WantedSans-Black.otf"; sourceTree = "<group>"; };
		7B15819B2C6A50F200599E7C /* WantedSans-ExtraBlack.otf */ = {isa = PBXFileReference; lastKnownFileType = file; path = "WantedSans-ExtraBlack.otf"; sourceTree = "<group>"; };
		7B15819C2C6A50F200599E7C /* WantedSans-Regular.otf */ = {isa = PBXFileReference; lastKnownFileType = file; path = "WantedSans-Regular.otf"; sourceTree = "<group>"; };
		7B15819D2C6A50F200599E7C /* WantedSans-Bold.otf */ = {isa = PBXFileReference; lastKnownFileType = file; path = "WantedSans-Bold.otf"; sourceTree = "<group>"; };
		7B15819E2C6A50F200599E7C /* WantedSans-ExtraBold.otf */ = {isa = PBXFileReference; lastKnownFileType = file; path = "WantedSans-ExtraBold.otf"; sourceTree = "<group>"; };
		7B15819F2C6A50F200599E7C /* WantedSans-Medium.otf */ = {isa = PBXFileReference; lastKnownFileType = file; path = "WantedSans-Medium.otf"; sourceTree = "<group>"; };
		7B1581A02C6A50F200599E7C /* WantedSans-SemiBold.otf */ = {isa = PBXFileReference; lastKnownFileType = file; path = "WantedSans-SemiBold.otf"; sourceTree = "<group>"; };
		7B1581A82C6A513300599E7C /* Info.plist */ = {isa = PBXFileReference; lastKnownFileType = text.plist; path = Info.plist; sourceTree = "<group>"; };
		7B1581A92C6A518200599E7C /* ExFont.swift */ = {isa = PBXFileReference; lastKnownFileType = sourcecode.swift; path = ExFont.swift; sourceTree = "<group>"; };
		7B1581AB2C6A528F00599E7C /* ExImage.swift */ = {isa = PBXFileReference; lastKnownFileType = sourcecode.swift; path = ExImage.swift; sourceTree = "<group>"; };
		7B1581AE2C6A53A800599E7C /* GuideUColor.swift */ = {isa = PBXFileReference; lastKnownFileType = sourcecode.swift; path = GuideUColor.swift; sourceTree = "<group>"; };
		7B1581B12C6A54E600599E7C /* TabCase.swift */ = {isa = PBXFileReference; lastKnownFileType = sourcecode.swift; path = TabCase.swift; sourceTree = "<group>"; };
		7B1581B52C6A560800599E7C /* GuideUTabView.swift */ = {isa = PBXFileReference; lastKnownFileType = sourcecode.swift; path = GuideUTabView.swift; sourceTree = "<group>"; };
		7B1581B82C6A56EC00599E7C /* SplashView.swift */ = {isa = PBXFileReference; lastKnownFileType = sourcecode.swift; path = SplashView.swift; sourceTree = "<group>"; };
		7B1581BC2C6A58B700599E7C /* Const.swift */ = {isa = PBXFileReference; lastKnownFileType = sourcecode.swift; path = Const.swift; sourceTree = "<group>"; };
		7B1581CF2C6C7F5200599E7C /* SplashFeature.swift */ = {isa = PBXFileReference; lastKnownFileType = sourcecode.swift; path = SplashFeature.swift; sourceTree = "<group>"; };
		7B1581D22C6C811100599E7C /* UserDefaultsWrapper.swift */ = {isa = PBXFileReference; lastKnownFileType = sourcecode.swift; path = UserDefaultsWrapper.swift; sourceTree = "<group>"; };
		7B1581D52C6C815800599E7C /* CodableManager.swift */ = {isa = PBXFileReference; lastKnownFileType = sourcecode.swift; path = CodableManager.swift; sourceTree = "<group>"; };
		7B1581D72C6C823900599E7C /* UserDefaultsManager.swift */ = {isa = PBXFileReference; lastKnownFileType = sourcecode.swift; path = UserDefaultsManager.swift; sourceTree = "<group>"; };
		7B1581DA2C6CB28A00599E7C /* RootCoordinator.swift */ = {isa = PBXFileReference; lastKnownFileType = sourcecode.swift; path = RootCoordinator.swift; sourceTree = "<group>"; };
		7B1581DC2C6CB34900599E7C /* RootCoordinatorView.swift */ = {isa = PBXFileReference; lastKnownFileType = sourcecode.swift; path = RootCoordinatorView.swift; sourceTree = "<group>"; };
		7B1581E32C6CB85100599E7C /* OnBoardPageView.swift */ = {isa = PBXFileReference; lastKnownFileType = sourcecode.swift; path = OnBoardPageView.swift; sourceTree = "<group>"; };
		7B1581E52C6CBA4200599E7C /* OnboardPageFeature.swift */ = {isa = PBXFileReference; lastKnownFileType = sourcecode.swift; path = OnboardPageFeature.swift; sourceTree = "<group>"; };
		7B1581E72C6CBEC400599E7C /* ExView.swift */ = {isa = PBXFileReference; lastKnownFileType = sourcecode.swift; path = ExView.swift; sourceTree = "<group>"; };
		7B1581E92C6CBEDF00599E7C /* ButtonWrapper.swift */ = {isa = PBXFileReference; lastKnownFileType = sourcecode.swift; path = ButtonWrapper.swift; sourceTree = "<group>"; };
		7B1581ED2C6CC41900599E7C /* TabCoordinator.swift */ = {isa = PBXFileReference; lastKnownFileType = sourcecode.swift; path = TabCoordinator.swift; sourceTree = "<group>"; };
		7B1581F32C6CEBC200599E7C /* Router.swift */ = {isa = PBXFileReference; lastKnownFileType = sourcecode.swift; path = Router.swift; sourceTree = "<group>"; };
		7B1581F82C6CEF1200599E7C /* EncodingType.swift */ = {isa = PBXFileReference; lastKnownFileType = sourcecode.swift; path = EncodingType.swift; sourceTree = "<group>"; };
		7B1581FC2C6CF2AF00599E7C /* MemeDTO.swift */ = {isa = PBXFileReference; lastKnownFileType = sourcecode.swift; path = MemeDTO.swift; sourceTree = "<group>"; };
		7B1581FE2C6CF2C400599E7C /* DTO.swift */ = {isa = PBXFileReference; lastKnownFileType = sourcecode.swift; path = DTO.swift; sourceTree = "<group>"; };
		7B1582002C6CF30000599E7C /* DuplicateDTO.swift */ = {isa = PBXFileReference; lastKnownFileType = sourcecode.swift; path = DuplicateDTO.swift; sourceTree = "<group>"; };
		7B1582022C6CF33400599E7C /* RelatedVideoDTO.swift */ = {isa = PBXFileReference; lastKnownFileType = sourcecode.swift; path = RelatedVideoDTO.swift; sourceTree = "<group>"; };
		7B1582042C6CF3DA00599E7C /* DTOList.swift */ = {isa = PBXFileReference; lastKnownFileType = sourcecode.swift; path = DTOList.swift; sourceTree = "<group>"; };
		7B1582092C6E1F6D00599E7C /* SearchDTO.swift */ = {isa = PBXFileReference; lastKnownFileType = sourcecode.swift; path = SearchDTO.swift; sourceTree = "<group>"; };
		7B15820C2C6E207100599E7C /* RelatedVideoTypeDTO.swift */ = {isa = PBXFileReference; lastKnownFileType = sourcecode.swift; path = RelatedVideoTypeDTO.swift; sourceTree = "<group>"; };
		7B15820E2C6E20CA00599E7C /* SearchTypeDTO.swift */ = {isa = PBXFileReference; lastKnownFileType = sourcecode.swift; path = SearchTypeDTO.swift; sourceTree = "<group>"; };
		7B1582482C73043F00599E7C /* HomeView.swift */ = {isa = PBXFileReference; lastKnownFileType = sourcecode.swift; path = HomeView.swift; sourceTree = "<group>"; };
		7B15824D2C73075D00599E7C /* ScrollDetector.swift */ = {isa = PBXFileReference; lastKnownFileType = sourcecode.swift; path = ScrollDetector.swift; sourceTree = "<group>"; };
		7B1582552C745C7C00599E7C /* HeaderEntity.swift */ = {isa = PBXFileReference; lastKnownFileType = sourcecode.swift; path = HeaderEntity.swift; sourceTree = "<group>"; };
		7B1582572C74855700599E7C /* PersonSectionView.swift */ = {isa = PBXFileReference; lastKnownFileType = sourcecode.swift; path = PersonSectionView.swift; sourceTree = "<group>"; };
		7B1582592C74A70000599E7C /* PersonFeature.swift */ = {isa = PBXFileReference; lastKnownFileType = sourcecode.swift; path = PersonFeature.swift; sourceTree = "<group>"; };
		7B15825C2C74B1DF00599E7C /* CharacterDTO.swift */ = {isa = PBXFileReference; lastKnownFileType = sourcecode.swift; path = CharacterDTO.swift; sourceTree = "<group>"; };
		7B1582632C74B52A00599E7C /* DetailErrorDTO.swift */ = {isa = PBXFileReference; lastKnownFileType = sourcecode.swift; path = DetailErrorDTO.swift; sourceTree = "<group>"; };
		7BACA3CE2C7C41A2008D4CFC /* HomeCoordinator.swift */ = {isa = PBXFileReference; lastKnownFileType = sourcecode.swift; path = HomeCoordinator.swift; sourceTree = "<group>"; };
		7BACA3D02C7C4463008D4CFC /* HomeCoordinatorView.swift */ = {isa = PBXFileReference; lastKnownFileType = sourcecode.swift; path = HomeCoordinatorView.swift; sourceTree = "<group>"; };
		7BACA3D22C7C49D9008D4CFC /* Entity.swift */ = {isa = PBXFileReference; lastKnownFileType = sourcecode.swift; path = Entity.swift; sourceTree = "<group>"; };
		7BACA3D92C7D8FEF008D4CFC /* DropDownMenu.swift */ = {isa = PBXFileReference; lastKnownFileType = sourcecode.swift; path = DropDownMenu.swift; sourceTree = "<group>"; };
		7BACA3DF2C7DB9EB008D4CFC /* GuideUSearchBarView.swift */ = {isa = PBXFileReference; lastKnownFileType = sourcecode.swift; path = GuideUSearchBarView.swift; sourceTree = "<group>"; };
		7BACA41B2C7EE7FE008D4CFC /* MoreCharacterView.swift */ = {isa = PBXFileReference; lastKnownFileType = sourcecode.swift; path = MoreCharacterView.swift; sourceTree = "<group>"; };
		7BACA41F2C7EECAD008D4CFC /* ExString.swift */ = {isa = PBXFileReference; lastKnownFileType = sourcecode.swift; path = ExString.swift; sourceTree = "<group>"; };
		7BACA4252C803E35008D4CFC /* MoreCharacterFeature.swift */ = {isa = PBXFileReference; lastKnownFileType = sourcecode.swift; path = MoreCharacterFeature.swift; sourceTree = "<group>"; };
		7BACA42B2C8191CE008D4CFC /* MoreCharacterListView.swift */ = {isa = PBXFileReference; lastKnownFileType = sourcecode.swift; path = MoreCharacterListView.swift; sourceTree = "<group>"; };
		DF1DECD02C7D79370098F761 /* CharacterRepository.swift */ = {isa = PBXFileReference; lastKnownFileType = sourcecode.swift; path = CharacterRepository.swift; sourceTree = "<group>"; };
		DF1DECD22C7D79820098F761 /* CharacterMapper.swift */ = {isa = PBXFileReference; lastKnownFileType = sourcecode.swift; path = CharacterMapper.swift; sourceTree = "<group>"; };
		DF1DECD52C7D7B9D0098F761 /* CharacterEntity.swift */ = {isa = PBXFileReference; lastKnownFileType = sourcecode.swift; path = CharacterEntity.swift; sourceTree = "<group>"; };
		DF1DECD82C7D7EB10098F761 /* DetailErrorEntity.swift */ = {isa = PBXFileReference; lastKnownFileType = sourcecode.swift; path = DetailErrorEntity.swift; sourceTree = "<group>"; };
		DF1DECDA2C7D7EF40098F761 /* ErrorEntity.swift */ = {isa = PBXFileReference; lastKnownFileType = sourcecode.swift; path = ErrorEntity.swift; sourceTree = "<group>"; };
		DF1DECDE2C7D7F930098F761 /* ErrorMapper.swift */ = {isa = PBXFileReference; lastKnownFileType = sourcecode.swift; path = ErrorMapper.swift; sourceTree = "<group>"; };
		DF2DBBF02C809464000581F6 /* VideoRepository.swift */ = {isa = PBXFileReference; lastKnownFileType = sourcecode.swift; path = VideoRepository.swift; sourceTree = "<group>"; };
		DF2DBBF22C8094A1000581F6 /* VideoMapper.swift */ = {isa = PBXFileReference; lastKnownFileType = sourcecode.swift; path = VideoMapper.swift; sourceTree = "<group>"; };
		DF2DBBF52C80987A000581F6 /* VideosEntity.swift */ = {isa = PBXFileReference; lastKnownFileType = sourcecode.swift; path = VideosEntity.swift; sourceTree = "<group>"; };
		DF2DBBF72C809CE2000581F6 /* DateManager.swift */ = {isa = PBXFileReference; lastKnownFileType = sourcecode.swift; path = DateManager.swift; sourceTree = "<group>"; };
		DF5879562C7F0A0E009F9171 /* SimpleErrorEntity.swift */ = {isa = PBXFileReference; lastKnownFileType = sourcecode.swift; path = SimpleErrorEntity.swift; sourceTree = "<group>"; };
		DF5879582C7F0AC1009F9171 /* DetailedErrorEntity.swift */ = {isa = PBXFileReference; lastKnownFileType = sourcecode.swift; path = DetailedErrorEntity.swift; sourceTree = "<group>"; };
		DF58795A2C7F0B0C009F9171 /* SimpleErrorDTO.swift */ = {isa = PBXFileReference; lastKnownFileType = sourcecode.swift; path = SimpleErrorDTO.swift; sourceTree = "<group>"; };
		DF58795C2C7F0B1F009F9171 /* DetailedErrorDTO.swift */ = {isa = PBXFileReference; lastKnownFileType = sourcecode.swift; path = DetailedErrorDTO.swift; sourceTree = "<group>"; };
		DF58795E2C7F0B41009F9171 /* APIErrorResponseDTO.swift */ = {isa = PBXFileReference; lastKnownFileType = sourcecode.swift; path = APIErrorResponseDTO.swift; sourceTree = "<group>"; };
		DF5879602C7F15DC009F9171 /* LinkDTO.swift */ = {isa = PBXFileReference; lastKnownFileType = sourcecode.swift; path = LinkDTO.swift; sourceTree = "<group>"; };
		DF5879622C7F1701009F9171 /* LinkEntity.swift */ = {isa = PBXFileReference; lastKnownFileType = sourcecode.swift; path = LinkEntity.swift; sourceTree = "<group>"; };
		DF83B81D2C804ACC0088DE31 /* VideoDTO.swift */ = {isa = PBXFileReference; lastKnownFileType = sourcecode.swift; path = VideoDTO.swift; sourceTree = "<group>"; };
		DF83B81F2C804B070088DE31 /* VideosDTO.swift */ = {isa = PBXFileReference; lastKnownFileType = sourcecode.swift; path = VideosDTO.swift; sourceTree = "<group>"; };
		DF83B8212C804C130088DE31 /* VideoRouter.swift */ = {isa = PBXFileReference; lastKnownFileType = sourcecode.swift; path = VideoRouter.swift; sourceTree = "<group>"; };
		DF83B8232C8055E80088DE31 /* SearchRouter.swift */ = {isa = PBXFileReference; lastKnownFileType = sourcecode.swift; path = SearchRouter.swift; sourceTree = "<group>"; };
		DF986E7D2C7CC82800F2D52F /* NetworkManager.swift */ = {isa = PBXFileReference; lastKnownFileType = sourcecode.swift; path = NetworkManager.swift; sourceTree = "<group>"; };
		DF986E7F2C7CC89800F2D52F /* NetworkInterceptor.swift */ = {isa = PBXFileReference; lastKnownFileType = sourcecode.swift; path = NetworkInterceptor.swift; sourceTree = "<group>"; };
		DF986E812C7CCA3E00F2D52F /* ErrorDTO.swift */ = {isa = PBXFileReference; lastKnownFileType = sourcecode.swift; path = ErrorDTO.swift; sourceTree = "<group>"; };
		DF986E842C7CCACC00F2D52F /* CharacterRouter.swift */ = {isa = PBXFileReference; lastKnownFileType = sourcecode.swift; path = CharacterRouter.swift; sourceTree = "<group>"; };
		DFABE72D2C6E0A1600EF5B81 /* GuideUURL.swift */ = {isa = PBXFileReference; lastKnownFileType = sourcecode.swift; path = GuideUURL.swift; sourceTree = "<group>"; };
		DFABE72F2C6E1EA900EF5B81 /* ExColor.swift */ = {isa = PBXFileReference; lastKnownFileType = sourcecode.swift; path = ExColor.swift; sourceTree = "<group>"; };
/* End PBXFileReference section */

/* Begin PBXFrameworksBuildPhase section */
		7B1581802C6A476200599E7C /* Frameworks */ = {
			isa = PBXFrameworksBuildPhase;
			buildActionMask = 2147483647;
			files = (
				7B1581CB2C6BBD4F00599E7C /* Kingfisher in Frameworks */,
				7B1581C82C6BBD3F00599E7C /* Alamofire in Frameworks */,
				7B1581CE2C6BBD6800599E7C /* PopupView in Frameworks */,
				7B1581C52C6BBD1C00599E7C /* TCACoordinators in Frameworks */,
				7B1581C22C6BBB8C00599E7C /* ComposableArchitecture in Frameworks */,
			);
			runOnlyForDeploymentPostprocessing = 0;
		};
/* End PBXFrameworksBuildPhase section */

/* Begin PBXGroup section */
		7B15817A2C6A476200599E7C = {
			isa = PBXGroup;
			children = (
				7B1581942C6A4D7D00599E7C /* .gitignore */,
				7B1581852C6A476200599E7C /* GuideU */,
				7B1581842C6A476200599E7C /* Products */,
			);
			sourceTree = "<group>";
		};
		7B1581842C6A476200599E7C /* Products */ = {
			isa = PBXGroup;
			children = (
				7B1581832C6A476200599E7C /* GuideU.app */,
			);
			name = Products;
			sourceTree = "<group>";
		};
		7B1581852C6A476200599E7C /* GuideU */ = {
			isa = PBXGroup;
			children = (
				7B1581A82C6A513300599E7C /* Info.plist */,
				7B1581B32C6A557A00599E7C /* Presentation */,
				7B1581982C6A50A700599E7C /* Resource */,
				7B1581962C6A500200599E7C /* Utility */,
				7B1581862C6A476200599E7C /* GuideUApp.swift */,
				7B15818A2C6A476300599E7C /* Assets.xcassets */,
				7B15818C2C6A476300599E7C /* Preview Content */,
			);
			path = GuideU;
			sourceTree = "<group>";
		};
		7B15818C2C6A476300599E7C /* Preview Content */ = {
			isa = PBXGroup;
			children = (
				7B15818D2C6A476300599E7C /* Preview Assets.xcassets */,
			);
			path = "Preview Content";
			sourceTree = "<group>";
		};
		7B1581962C6A500200599E7C /* Utility */ = {
			isa = PBXGroup;
			children = (
				DF1DECCF2C7D791B0098F761 /* Mapper */,
				DF1DECCE2C7D78FE0098F761 /* Repository */,
				7B15824C2C73073B00599E7C /* Representable */,
				7B1581F22C6CEBBC00599E7C /* Protocol */,
				7B1581D42C6C814400599E7C /* Manager */,
				7B1581D12C6C810300599E7C /* Weapper */,
				7B1581972C6A501300599E7C /* Extention */,
			);
			path = Utility;
			sourceTree = "<group>";
		};
		7B1581972C6A501300599E7C /* Extention */ = {
			isa = PBXGroup;
			children = (
				7B1581A92C6A518200599E7C /* ExFont.swift */,
				7B1581AB2C6A528F00599E7C /* ExImage.swift */,
				7B1581BC2C6A58B700599E7C /* Const.swift */,
				7B1581E72C6CBEC400599E7C /* ExView.swift */,
				DFABE72F2C6E1EA900EF5B81 /* ExColor.swift */,
				7BACA41F2C7EECAD008D4CFC /* ExString.swift */,
			);
			path = Extention;
			sourceTree = "<group>";
		};
		7B1581982C6A50A700599E7C /* Resource */ = {
			isa = PBXGroup;
			children = (
				7B1581FA2C6CF29A00599E7C /* Codable */,
				7B1581B02C6A549500599E7C /* EnumCase */,
				7B1581AD2C6A539B00599E7C /* Color */,
				7B1581992C6A50BA00599E7C /* Font */,
			);
			path = Resource;
			sourceTree = "<group>";
		};
		7B1581992C6A50BA00599E7C /* Font */ = {
			isa = PBXGroup;
			children = (
				7B15819A2C6A50F200599E7C /* WantedSans-Black.otf */,
				7B15819D2C6A50F200599E7C /* WantedSans-Bold.otf */,
				7B15819B2C6A50F200599E7C /* WantedSans-ExtraBlack.otf */,
				7B15819E2C6A50F200599E7C /* WantedSans-ExtraBold.otf */,
				7B15819F2C6A50F200599E7C /* WantedSans-Medium.otf */,
				7B15819C2C6A50F200599E7C /* WantedSans-Regular.otf */,
				7B1581A02C6A50F200599E7C /* WantedSans-SemiBold.otf */,
			);
			path = Font;
			sourceTree = "<group>";
		};
		7B1581AD2C6A539B00599E7C /* Color */ = {
			isa = PBXGroup;
			children = (
				7B1581AE2C6A53A800599E7C /* GuideUColor.swift */,
			);
			path = Color;
			sourceTree = "<group>";
		};
		7B1581B02C6A549500599E7C /* EnumCase */ = {
			isa = PBXGroup;
			children = (
				7B1581B12C6A54E600599E7C /* TabCase.swift */,
				7B1581F82C6CEF1200599E7C /* EncodingType.swift */,
				DFABE72D2C6E0A1600EF5B81 /* GuideUURL.swift */,
			);
			path = EnumCase;
			sourceTree = "<group>";
		};
		7B1581B32C6A557A00599E7C /* Presentation */ = {
			isa = PBXGroup;
			children = (
				7B1581D92C6CB27200599E7C /* Coordinator */,
				7B1581B72C6A56E100599E7C /* Splash */,
				7B1581B42C6A55FB00599E7C /* Tab */,
			);
			path = Presentation;
			sourceTree = "<group>";
		};
		7B1581B42C6A55FB00599E7C /* Tab */ = {
			isa = PBXGroup;
			children = (
				7BACA3D82C7D8FD3008D4CFC /* MoreCharacterView */,
				7B1582452C73034300599E7C /* Home */,
				7B1581B52C6A560800599E7C /* GuideUTabView.swift */,
				7B1581ED2C6CC41900599E7C /* TabCoordinator.swift */,
			);
			path = Tab;
			sourceTree = "<group>";
		};
		7B1581B72C6A56E100599E7C /* Splash */ = {
			isa = PBXGroup;
			children = (
				7B1581E22C6CB83500599E7C /* PageView */,
				7B1581B82C6A56EC00599E7C /* SplashView.swift */,
				7B1581CF2C6C7F5200599E7C /* SplashFeature.swift */,
			);
			path = Splash;
			sourceTree = "<group>";
		};
		7B1581D12C6C810300599E7C /* Weapper */ = {
			isa = PBXGroup;
			children = (
				7B1581D22C6C811100599E7C /* UserDefaultsWrapper.swift */,
				7B1581E92C6CBEDF00599E7C /* ButtonWrapper.swift */,
			);
			path = Weapper;
			sourceTree = "<group>";
		};
		7B1581D42C6C814400599E7C /* Manager */ = {
			isa = PBXGroup;
			children = (
				DF986E7C2C7CC81B00F2D52F /* Network */,
				7B1581D52C6C815800599E7C /* CodableManager.swift */,
				7B1581D72C6C823900599E7C /* UserDefaultsManager.swift */,
				DF2DBBF72C809CE2000581F6 /* DateManager.swift */,
			);
			path = Manager;
			sourceTree = "<group>";
		};
		7B1581D92C6CB27200599E7C /* Coordinator */ = {
			isa = PBXGroup;
			children = (
				7BACA3CD2C7C4192008D4CFC /* HomeTab */,
				7B1581DA2C6CB28A00599E7C /* RootCoordinator.swift */,
				7B1581DC2C6CB34900599E7C /* RootCoordinatorView.swift */,
			);
			path = Coordinator;
			sourceTree = "<group>";
		};
		7B1581E22C6CB83500599E7C /* PageView */ = {
			isa = PBXGroup;
			children = (
				7B1581E32C6CB85100599E7C /* OnBoardPageView.swift */,
				7B1581E52C6CBA4200599E7C /* OnboardPageFeature.swift */,
			);
			path = PageView;
			sourceTree = "<group>";
		};
		7B1581F22C6CEBBC00599E7C /* Protocol */ = {
			isa = PBXGroup;
			children = (
				7B1581F32C6CEBC200599E7C /* Router.swift */,
				7B1581FE2C6CF2C400599E7C /* DTO.swift */,
				7BACA3D22C7C49D9008D4CFC /* Entity.swift */,
				DF986E812C7CCA3E00F2D52F /* ErrorDTO.swift */,
				DF1DECDA2C7D7EF40098F761 /* ErrorEntity.swift */,
			);
			path = Protocol;
			sourceTree = "<group>";
		};
		7B1581FA2C6CF29A00599E7C /* Codable */ = {
			isa = PBXGroup;
			children = (
				7B1582512C73337F00599E7C /* Entity */,
				7B1581FB2C6CF2A100599E7C /* DTO */,
			);
			path = Codable;
			sourceTree = "<group>";
		};
		7B1581FB2C6CF2A100599E7C /* DTO */ = {
			isa = PBXGroup;
			children = (
				DF83B81C2C804ABE0088DE31 /* Video */,
				7B15825E2C74B2B700599E7C /* Error */,
				7B15825B2C74B1C900599E7C /* Character */,
				7B15820B2C6E204E00599E7C /* EnumDTO */,
				7B1581FC2C6CF2AF00599E7C /* MemeDTO.swift */,
				7B1582002C6CF30000599E7C /* DuplicateDTO.swift */,
				7B1582022C6CF33400599E7C /* RelatedVideoDTO.swift */,
				7B1582042C6CF3DA00599E7C /* DTOList.swift */,
				7B1582092C6E1F6D00599E7C /* SearchDTO.swift */,
			);
			path = DTO;
			sourceTree = "<group>";
		};
		7B15820B2C6E204E00599E7C /* EnumDTO */ = {
			isa = PBXGroup;
			children = (
				7B15820C2C6E207100599E7C /* RelatedVideoTypeDTO.swift */,
				7B15820E2C6E20CA00599E7C /* SearchTypeDTO.swift */,
			);
			path = EnumDTO;
			sourceTree = "<group>";
		};
		7B1582452C73034300599E7C /* Home */ = {
			isa = PBXGroup;
			children = (
				7B1582572C74855700599E7C /* PersonSectionView.swift */,
				7B1582482C73043F00599E7C /* HomeView.swift */,
				7B1582592C74A70000599E7C /* PersonFeature.swift */,
			);
			path = Home;
			sourceTree = "<group>";
		};
		7B15824C2C73073B00599E7C /* Representable */ = {
			isa = PBXGroup;
			children = (
				7B15824D2C73075D00599E7C /* ScrollDetector.swift */,
			);
			path = Representable;
			sourceTree = "<group>";
		};
		7B1582512C73337F00599E7C /* Entity */ = {
			isa = PBXGroup;
			children = (
				DF2DBBF42C8097F5000581F6 /* Video */,
				DF1DECD72C7D7E8F0098F761 /* Error */,
				DF1DECD42C7D7B8B0098F761 /* Character */,
				7B1582542C745C7200599E7C /* Home */,
			);
			path = Entity;
			sourceTree = "<group>";
		};
		7B1582542C745C7200599E7C /* Home */ = {
			isa = PBXGroup;
			children = (
				7B1582552C745C7C00599E7C /* HeaderEntity.swift */,
			);
			path = Home;
			sourceTree = "<group>";
		};
		7B15825B2C74B1C900599E7C /* Character */ = {
			isa = PBXGroup;
			children = (
				7B15825C2C74B1DF00599E7C /* CharacterDTO.swift */,
				DF5879602C7F15DC009F9171 /* LinkDTO.swift */,
			);
			path = Character;
			sourceTree = "<group>";
		};
		7B15825E2C74B2B700599E7C /* Error */ = {
			isa = PBXGroup;
			children = (
				7B1582632C74B52A00599E7C /* DetailErrorDTO.swift */,
				DF58795A2C7F0B0C009F9171 /* SimpleErrorDTO.swift */,
				DF58795C2C7F0B1F009F9171 /* DetailedErrorDTO.swift */,
				DF58795E2C7F0B41009F9171 /* APIErrorResponseDTO.swift */,
			);
			path = Error;
			sourceTree = "<group>";
		};
		7BACA3CD2C7C4192008D4CFC /* HomeTab */ = {
			isa = PBXGroup;
			children = (
				7BACA3CE2C7C41A2008D4CFC /* HomeCoordinator.swift */,
				7BACA3D02C7C4463008D4CFC /* HomeCoordinatorView.swift */,
			);
			path = HomeTab;
			sourceTree = "<group>";
		};
		7BACA3D82C7D8FD3008D4CFC /* MoreCharacterView */ = {
			isa = PBXGroup;
			children = (
				7BACA3D92C7D8FEF008D4CFC /* DropDownMenu.swift */,
				7BACA3DF2C7DB9EB008D4CFC /* GuideUSearchBarView.swift */,
				7BACA41B2C7EE7FE008D4CFC /* MoreCharacterView.swift */,
				7BACA4252C803E35008D4CFC /* MoreCharacterFeature.swift */,
				7BACA42B2C8191CE008D4CFC /* MoreCharacterListView.swift */,
			);
			path = MoreCharacterView;
			sourceTree = "<group>";
		};
		DF1DECCE2C7D78FE0098F761 /* Repository */ = {
			isa = PBXGroup;
			children = (
				DF1DECD02C7D79370098F761 /* CharacterRepository.swift */,
				DF2DBBF02C809464000581F6 /* VideoRepository.swift */,
			);
			path = Repository;
			sourceTree = "<group>";
		};
		DF1DECCF2C7D791B0098F761 /* Mapper */ = {
			isa = PBXGroup;
			children = (
				DF1DECD22C7D79820098F761 /* CharacterMapper.swift */,
				DF1DECDE2C7D7F930098F761 /* ErrorMapper.swift */,
				DF2DBBF22C8094A1000581F6 /* VideoMapper.swift */,
			);
			path = Mapper;
			sourceTree = "<group>";
		};
		DF1DECD42C7D7B8B0098F761 /* Character */ = {
			isa = PBXGroup;
			children = (
				DF1DECD52C7D7B9D0098F761 /* CharacterEntity.swift */,
				DF5879622C7F1701009F9171 /* LinkEntity.swift */,
			);
			path = Character;
			sourceTree = "<group>";
		};
		DF1DECD72C7D7E8F0098F761 /* Error */ = {
			isa = PBXGroup;
			children = (
				DF1DECD82C7D7EB10098F761 /* DetailErrorEntity.swift */,
				DF5879562C7F0A0E009F9171 /* SimpleErrorEntity.swift */,
				DF5879582C7F0AC1009F9171 /* DetailedErrorEntity.swift */,
			);
			path = Error;
			sourceTree = "<group>";
		};
		DF2DBBF42C8097F5000581F6 /* Video */ = {
			isa = PBXGroup;
			children = (
				DF2DBBF52C80987A000581F6 /* VideosEntity.swift */,
			);
			path = Video;
			sourceTree = "<group>";
		};
		DF83B81C2C804ABE0088DE31 /* Video */ = {
			isa = PBXGroup;
			children = (
				DF83B81D2C804ACC0088DE31 /* VideoDTO.swift */,
				DF83B81F2C804B070088DE31 /* VideosDTO.swift */,
			);
			path = Video;
			sourceTree = "<group>";
		};
		DF986E7C2C7CC81B00F2D52F /* Network */ = {
			isa = PBXGroup;
			children = (
				DF986E832C7CCABE00F2D52F /* Router */,
				DF986E7D2C7CC82800F2D52F /* NetworkManager.swift */,
				DF986E7F2C7CC89800F2D52F /* NetworkInterceptor.swift */,
			);
			path = Network;
			sourceTree = "<group>";
		};
		DF986E832C7CCABE00F2D52F /* Router */ = {
			isa = PBXGroup;
			children = (
				DF986E842C7CCACC00F2D52F /* CharacterRouter.swift */,
				DF83B8212C804C130088DE31 /* VideoRouter.swift */,
				DF83B8232C8055E80088DE31 /* SearchRouter.swift */,
			);
			path = Router;
			sourceTree = "<group>";
		};
/* End PBXGroup section */

/* Begin PBXNativeTarget section */
		7B1581822C6A476200599E7C /* GuideU */ = {
			isa = PBXNativeTarget;
			buildConfigurationList = 7B1581912C6A476300599E7C /* Build configuration list for PBXNativeTarget "GuideU" */;
			buildPhases = (
				7B15817F2C6A476200599E7C /* Sources */,
				7B1581802C6A476200599E7C /* Frameworks */,
				7B1581812C6A476200599E7C /* Resources */,
			);
			buildRules = (
			);
			dependencies = (
			);
			name = GuideU;
			packageProductDependencies = (
				7B1581C12C6BBB8C00599E7C /* ComposableArchitecture */,
				7B1581C42C6BBD1C00599E7C /* TCACoordinators */,
				7B1581C72C6BBD3F00599E7C /* Alamofire */,
				7B1581CA2C6BBD4F00599E7C /* Kingfisher */,
				7B1581CD2C6BBD6800599E7C /* PopupView */,
			);
			productName = GuideU;
			productReference = 7B1581832C6A476200599E7C /* GuideU.app */;
			productType = "com.apple.product-type.application";
		};
/* End PBXNativeTarget section */

/* Begin PBXProject section */
		7B15817B2C6A476200599E7C /* Project object */ = {
			isa = PBXProject;
			attributes = {
				BuildIndependentTargetsInParallel = 1;
				LastSwiftUpdateCheck = 1540;
				LastUpgradeCheck = 1540;
				TargetAttributes = {
					7B1581822C6A476200599E7C = {
						CreatedOnToolsVersion = 15.4;
					};
				};
			};
			buildConfigurationList = 7B15817E2C6A476200599E7C /* Build configuration list for PBXProject "GuideU" */;
			compatibilityVersion = "Xcode 14.0";
			developmentRegion = en;
			hasScannedForEncodings = 0;
			knownRegions = (
				en,
				Base,
			);
			mainGroup = 7B15817A2C6A476200599E7C;
			packageReferences = (
				7B1581C02C6BBB8C00599E7C /* XCRemoteSwiftPackageReference "swift-composable-architecture" */,
				7B1581C32C6BBD1C00599E7C /* XCRemoteSwiftPackageReference "TCACoordinators" */,
				7B1581C62C6BBD3F00599E7C /* XCRemoteSwiftPackageReference "Alamofire" */,
				7B1581C92C6BBD4F00599E7C /* XCRemoteSwiftPackageReference "Kingfisher" */,
				7B1581CC2C6BBD6800599E7C /* XCRemoteSwiftPackageReference "PopupView" */,
			);
			productRefGroup = 7B1581842C6A476200599E7C /* Products */;
			projectDirPath = "";
			projectRoot = "";
			targets = (
				7B1581822C6A476200599E7C /* GuideU */,
			);
		};
/* End PBXProject section */

/* Begin PBXResourcesBuildPhase section */
		7B1581812C6A476200599E7C /* Resources */ = {
			isa = PBXResourcesBuildPhase;
			buildActionMask = 2147483647;
			files = (
				7B1581A72C6A50F200599E7C /* WantedSans-SemiBold.otf in Resources */,
				7B15818E2C6A476300599E7C /* Preview Assets.xcassets in Resources */,
				7B1581A52C6A50F200599E7C /* WantedSans-ExtraBold.otf in Resources */,
				7B1581A12C6A50F200599E7C /* WantedSans-Black.otf in Resources */,
				7B1581A62C6A50F200599E7C /* WantedSans-Medium.otf in Resources */,
				7B1581A32C6A50F200599E7C /* WantedSans-Regular.otf in Resources */,
				7B1581952C6A4D7D00599E7C /* .gitignore in Resources */,
				7B1581A22C6A50F200599E7C /* WantedSans-ExtraBlack.otf in Resources */,
				7B1581A42C6A50F200599E7C /* WantedSans-Bold.otf in Resources */,
				7B15818B2C6A476300599E7C /* Assets.xcassets in Resources */,
			);
			runOnlyForDeploymentPostprocessing = 0;
		};
/* End PBXResourcesBuildPhase section */

/* Begin PBXSourcesBuildPhase section */
		7B15817F2C6A476200599E7C /* Sources */ = {
			isa = PBXSourcesBuildPhase;
			buildActionMask = 2147483647;
			files = (
				DFABE7302C6E1EA900EF5B81 /* ExColor.swift in Sources */,
				7B1581AC2C6A528F00599E7C /* ExImage.swift in Sources */,
				7B1581D02C6C7F5200599E7C /* SplashFeature.swift in Sources */,
				7B1581F92C6CEF1200599E7C /* EncodingType.swift in Sources */,
				7B1581FF2C6CF2C400599E7C /* DTO.swift in Sources */,
				7BACA3CF2C7C41A2008D4CFC /* HomeCoordinator.swift in Sources */,
				7B1582492C73043F00599E7C /* HomeView.swift in Sources */,
				DF2DBBF32C8094A1000581F6 /* VideoMapper.swift in Sources */,
				7B1581B92C6A56EC00599E7C /* SplashView.swift in Sources */,
				7B1582032C6CF33400599E7C /* RelatedVideoDTO.swift in Sources */,
				7B1581DD2C6CB34900599E7C /* RootCoordinatorView.swift in Sources */,
				7B15820D2C6E207100599E7C /* RelatedVideoTypeDTO.swift in Sources */,
				7B15820A2C6E1F6D00599E7C /* SearchDTO.swift in Sources */,
				7B1582642C74B52A00599E7C /* DetailErrorDTO.swift in Sources */,
				DF83B81E2C804ACC0088DE31 /* VideoDTO.swift in Sources */,
				DFABE72E2C6E0A1600EF5B81 /* GuideUURL.swift in Sources */,
				DF2DBBF12C809464000581F6 /* VideoRepository.swift in Sources */,
				7B1581D82C6C823900599E7C /* UserDefaultsManager.swift in Sources */,
				7B1581D32C6C811100599E7C /* UserDefaultsWrapper.swift in Sources */,
				7B1581DB2C6CB28A00599E7C /* RootCoordinator.swift in Sources */,
				7B1581AA2C6A518200599E7C /* ExFont.swift in Sources */,
				7BACA4262C803E35008D4CFC /* MoreCharacterFeature.swift in Sources */,
				7B1581E82C6CBEC400599E7C /* ExView.swift in Sources */,
				DF58795B2C7F0B0C009F9171 /* SimpleErrorDTO.swift in Sources */,
				7BACA3D12C7C4463008D4CFC /* HomeCoordinatorView.swift in Sources */,
				DF83B8222C804C130088DE31 /* VideoRouter.swift in Sources */,
				7B1581EE2C6CC41900599E7C /* TabCoordinator.swift in Sources */,
				DF83B8242C8055E80088DE31 /* SearchRouter.swift in Sources */,
				7B15824E2C73075D00599E7C /* ScrollDetector.swift in Sources */,
				7B1581E62C6CBA4200599E7C /* OnboardPageFeature.swift in Sources */,
				7BACA42C2C8191CE008D4CFC /* MoreCharacterListView.swift in Sources */,
				DF1DECDF2C7D7F930098F761 /* ErrorMapper.swift in Sources */,
				7B1582052C6CF3DA00599E7C /* DTOList.swift in Sources */,
				7B1581B22C6A54E700599E7C /* TabCase.swift in Sources */,
				DF2DBBF82C809CE2000581F6 /* DateManager.swift in Sources */,
				7B1581F42C6CEBC200599E7C /* Router.swift in Sources */,
				DF1DECDB2C7D7EF40098F761 /* ErrorEntity.swift in Sources */,
				DF986E7E2C7CC82800F2D52F /* NetworkManager.swift in Sources */,
				7B1581B62C6A560800599E7C /* GuideUTabView.swift in Sources */,
				DF1DECD32C7D79820098F761 /* CharacterMapper.swift in Sources */,
				DF58795D2C7F0B1F009F9171 /* DetailedErrorDTO.swift in Sources */,
				DF1DECD62C7D7B9D0098F761 /* CharacterEntity.swift in Sources */,
				7B1581D62C6C815800599E7C /* CodableManager.swift in Sources */,
				DF986E822C7CCA3E00F2D52F /* ErrorDTO.swift in Sources */,
				7B1581AF2C6A53A800599E7C /* GuideUColor.swift in Sources */,
				DF986E802C7CC89800F2D52F /* NetworkInterceptor.swift in Sources */,
				7BACA41C2C7EE7FE008D4CFC /* MoreCharacterView.swift in Sources */,
				DF1DECD92C7D7EB10098F761 /* DetailErrorEntity.swift in Sources */,
				DF5879572C7F0A0E009F9171 /* SimpleErrorEntity.swift in Sources */,
				7B1581EA2C6CBEDF00599E7C /* ButtonWrapper.swift in Sources */,
				DF5879592C7F0AC1009F9171 /* DetailedErrorEntity.swift in Sources */,
				DF5879632C7F1701009F9171 /* LinkEntity.swift in Sources */,
				7B1582012C6CF30000599E7C /* DuplicateDTO.swift in Sources */,
				7B1581E42C6CB85100599E7C /* OnBoardPageView.swift in Sources */,
				DF5879612C7F15DC009F9171 /* LinkDTO.swift in Sources */,
				7B15825A2C74A70000599E7C /* PersonFeature.swift in Sources */,
				DF58795F2C7F0B41009F9171 /* APIErrorResponseDTO.swift in Sources */,
				DF1DECD12C7D79370098F761 /* CharacterRepository.swift in Sources */,
				DF2DBBF62C80987A000581F6 /* VideosEntity.swift in Sources */,
				7B15825D2C74B1DF00599E7C /* CharacterDTO.swift in Sources */,
				7B1581872C6A476200599E7C /* GuideUApp.swift in Sources */,
				7B1581FD2C6CF2AF00599E7C /* MemeDTO.swift in Sources */,
				7B1582562C745C7C00599E7C /* HeaderEntity.swift in Sources */,
				7BACA3E02C7DB9EB008D4CFC /* GuideUSearchBarView.swift in Sources */,
				7BACA3D32C7C49D9008D4CFC /* Entity.swift in Sources */,
				7B1582582C74855700599E7C /* PersonSectionView.swift in Sources */,
				7B1581BD2C6A58B700599E7C /* Const.swift in Sources */,
				DF83B8202C804B070088DE31 /* VideosDTO.swift in Sources */,
				DF986E852C7CCACC00F2D52F /* CharacterRouter.swift in Sources */,
				7BACA3DA2C7D8FEF008D4CFC /* DropDownMenu.swift in Sources */,
				7B15820F2C6E20CA00599E7C /* SearchTypeDTO.swift in Sources */,
				7BACA4202C7EECAD008D4CFC /* ExString.swift in Sources */,
			);
			runOnlyForDeploymentPostprocessing = 0;
		};
/* End PBXSourcesBuildPhase section */

/* Begin XCBuildConfiguration section */
		7B15818F2C6A476300599E7C /* Debug */ = {
			isa = XCBuildConfiguration;
			buildSettings = {
				ALWAYS_SEARCH_USER_PATHS = NO;
				ASSETCATALOG_COMPILER_GENERATE_SWIFT_ASSET_SYMBOL_EXTENSIONS = YES;
				CLANG_ANALYZER_NONNULL = YES;
				CLANG_ANALYZER_NUMBER_OBJECT_CONVERSION = YES_AGGRESSIVE;
				CLANG_CXX_LANGUAGE_STANDARD = "gnu++20";
				CLANG_ENABLE_MODULES = YES;
				CLANG_ENABLE_OBJC_ARC = YES;
				CLANG_ENABLE_OBJC_WEAK = YES;
				CLANG_WARN_BLOCK_CAPTURE_AUTORELEASING = YES;
				CLANG_WARN_BOOL_CONVERSION = YES;
				CLANG_WARN_COMMA = YES;
				CLANG_WARN_CONSTANT_CONVERSION = YES;
				CLANG_WARN_DEPRECATED_OBJC_IMPLEMENTATIONS = YES;
				CLANG_WARN_DIRECT_OBJC_ISA_USAGE = YES_ERROR;
				CLANG_WARN_DOCUMENTATION_COMMENTS = YES;
				CLANG_WARN_EMPTY_BODY = YES;
				CLANG_WARN_ENUM_CONVERSION = YES;
				CLANG_WARN_INFINITE_RECURSION = YES;
				CLANG_WARN_INT_CONVERSION = YES;
				CLANG_WARN_NON_LITERAL_NULL_CONVERSION = YES;
				CLANG_WARN_OBJC_IMPLICIT_RETAIN_SELF = YES;
				CLANG_WARN_OBJC_LITERAL_CONVERSION = YES;
				CLANG_WARN_OBJC_ROOT_CLASS = YES_ERROR;
				CLANG_WARN_QUOTED_INCLUDE_IN_FRAMEWORK_HEADER = YES;
				CLANG_WARN_RANGE_LOOP_ANALYSIS = YES;
				CLANG_WARN_STRICT_PROTOTYPES = YES;
				CLANG_WARN_SUSPICIOUS_MOVE = YES;
				CLANG_WARN_UNGUARDED_AVAILABILITY = YES_AGGRESSIVE;
				CLANG_WARN_UNREACHABLE_CODE = YES;
				CLANG_WARN__DUPLICATE_METHOD_MATCH = YES;
				COPY_PHASE_STRIP = NO;
				DEBUG_INFORMATION_FORMAT = dwarf;
				ENABLE_STRICT_OBJC_MSGSEND = YES;
				ENABLE_TESTABILITY = YES;
				ENABLE_USER_SCRIPT_SANDBOXING = YES;
				GCC_C_LANGUAGE_STANDARD = gnu17;
				GCC_DYNAMIC_NO_PIC = NO;
				GCC_NO_COMMON_BLOCKS = YES;
				GCC_OPTIMIZATION_LEVEL = 0;
				GCC_PREPROCESSOR_DEFINITIONS = (
					"DEBUG=1",
					"$(inherited)",
				);
				GCC_WARN_64_TO_32_BIT_CONVERSION = YES;
				GCC_WARN_ABOUT_RETURN_TYPE = YES_ERROR;
				GCC_WARN_UNDECLARED_SELECTOR = YES;
				GCC_WARN_UNINITIALIZED_AUTOS = YES_AGGRESSIVE;
				GCC_WARN_UNUSED_FUNCTION = YES;
				GCC_WARN_UNUSED_VARIABLE = YES;
				IPHONEOS_DEPLOYMENT_TARGET = 17.5;
				LOCALIZATION_PREFERS_STRING_CATALOGS = YES;
				MTL_ENABLE_DEBUG_INFO = INCLUDE_SOURCE;
				MTL_FAST_MATH = YES;
				ONLY_ACTIVE_ARCH = YES;
				SDKROOT = iphoneos;
				SWIFT_ACTIVE_COMPILATION_CONDITIONS = "DEBUG $(inherited)";
				SWIFT_OPTIMIZATION_LEVEL = "-Onone";
			};
			name = Debug;
		};
		7B1581902C6A476300599E7C /* Release */ = {
			isa = XCBuildConfiguration;
			buildSettings = {
				ALWAYS_SEARCH_USER_PATHS = NO;
				ASSETCATALOG_COMPILER_GENERATE_SWIFT_ASSET_SYMBOL_EXTENSIONS = YES;
				CLANG_ANALYZER_NONNULL = YES;
				CLANG_ANALYZER_NUMBER_OBJECT_CONVERSION = YES_AGGRESSIVE;
				CLANG_CXX_LANGUAGE_STANDARD = "gnu++20";
				CLANG_ENABLE_MODULES = YES;
				CLANG_ENABLE_OBJC_ARC = YES;
				CLANG_ENABLE_OBJC_WEAK = YES;
				CLANG_WARN_BLOCK_CAPTURE_AUTORELEASING = YES;
				CLANG_WARN_BOOL_CONVERSION = YES;
				CLANG_WARN_COMMA = YES;
				CLANG_WARN_CONSTANT_CONVERSION = YES;
				CLANG_WARN_DEPRECATED_OBJC_IMPLEMENTATIONS = YES;
				CLANG_WARN_DIRECT_OBJC_ISA_USAGE = YES_ERROR;
				CLANG_WARN_DOCUMENTATION_COMMENTS = YES;
				CLANG_WARN_EMPTY_BODY = YES;
				CLANG_WARN_ENUM_CONVERSION = YES;
				CLANG_WARN_INFINITE_RECURSION = YES;
				CLANG_WARN_INT_CONVERSION = YES;
				CLANG_WARN_NON_LITERAL_NULL_CONVERSION = YES;
				CLANG_WARN_OBJC_IMPLICIT_RETAIN_SELF = YES;
				CLANG_WARN_OBJC_LITERAL_CONVERSION = YES;
				CLANG_WARN_OBJC_ROOT_CLASS = YES_ERROR;
				CLANG_WARN_QUOTED_INCLUDE_IN_FRAMEWORK_HEADER = YES;
				CLANG_WARN_RANGE_LOOP_ANALYSIS = YES;
				CLANG_WARN_STRICT_PROTOTYPES = YES;
				CLANG_WARN_SUSPICIOUS_MOVE = YES;
				CLANG_WARN_UNGUARDED_AVAILABILITY = YES_AGGRESSIVE;
				CLANG_WARN_UNREACHABLE_CODE = YES;
				CLANG_WARN__DUPLICATE_METHOD_MATCH = YES;
				COPY_PHASE_STRIP = NO;
				DEBUG_INFORMATION_FORMAT = "dwarf-with-dsym";
				ENABLE_NS_ASSERTIONS = NO;
				ENABLE_STRICT_OBJC_MSGSEND = YES;
				ENABLE_USER_SCRIPT_SANDBOXING = YES;
				GCC_C_LANGUAGE_STANDARD = gnu17;
				GCC_NO_COMMON_BLOCKS = YES;
				GCC_WARN_64_TO_32_BIT_CONVERSION = YES;
				GCC_WARN_ABOUT_RETURN_TYPE = YES_ERROR;
				GCC_WARN_UNDECLARED_SELECTOR = YES;
				GCC_WARN_UNINITIALIZED_AUTOS = YES_AGGRESSIVE;
				GCC_WARN_UNUSED_FUNCTION = YES;
				GCC_WARN_UNUSED_VARIABLE = YES;
				IPHONEOS_DEPLOYMENT_TARGET = 17.5;
				LOCALIZATION_PREFERS_STRING_CATALOGS = YES;
				MTL_ENABLE_DEBUG_INFO = NO;
				MTL_FAST_MATH = YES;
				SDKROOT = iphoneos;
				SWIFT_COMPILATION_MODE = wholemodule;
				VALIDATE_PRODUCT = YES;
			};
			name = Release;
		};
		7B1581922C6A476300599E7C /* Debug */ = {
			isa = XCBuildConfiguration;
			buildSettings = {
				ASSETCATALOG_COMPILER_APPICON_NAME = AppIcon;
				ASSETCATALOG_COMPILER_GLOBAL_ACCENT_COLOR_NAME = AccentColor;
				CODE_SIGN_STYLE = Automatic;
				CURRENT_PROJECT_VERSION = 1;
				DEVELOPMENT_ASSET_PATHS = "\"GuideU/Preview Content\"";
				DEVELOPMENT_TEAM = H25F4B7J4U;
				ENABLE_PREVIEWS = YES;
				GENERATE_INFOPLIST_FILE = YES;
				INFOPLIST_FILE = GuideU/Info.plist;
				INFOPLIST_KEY_UIApplicationSceneManifest_Generation = YES;
				INFOPLIST_KEY_UIApplicationSupportsIndirectInputEvents = YES;
				INFOPLIST_KEY_UILaunchScreen_Generation = YES;
				INFOPLIST_KEY_UISupportedInterfaceOrientations_iPad = "UIInterfaceOrientationPortrait UIInterfaceOrientationPortraitUpsideDown UIInterfaceOrientationLandscapeLeft UIInterfaceOrientationLandscapeRight";
				INFOPLIST_KEY_UISupportedInterfaceOrientations_iPhone = "UIInterfaceOrientationPortrait UIInterfaceOrientationLandscapeLeft UIInterfaceOrientationLandscapeRight";
				IPHONEOS_DEPLOYMENT_TARGET = 16.0;
				LD_RUNPATH_SEARCH_PATHS = (
					"$(inherited)",
					"@executable_path/Frameworks",
				);
				MARKETING_VERSION = 1.0;
				PRODUCT_BUNDLE_IDENTIFIER = LittleTail.GuideU;
				PRODUCT_NAME = "$(TARGET_NAME)";
				SUPPORTED_PLATFORMS = "iphoneos iphonesimulator";
				SUPPORTS_MACCATALYST = NO;
				SUPPORTS_MAC_DESIGNED_FOR_IPHONE_IPAD = NO;
				SUPPORTS_XR_DESIGNED_FOR_IPHONE_IPAD = NO;
				SWIFT_EMIT_LOC_STRINGS = YES;
				SWIFT_VERSION = 5.0;
				TARGETED_DEVICE_FAMILY = 1;
			};
			name = Debug;
		};
		7B1581932C6A476300599E7C /* Release */ = {
			isa = XCBuildConfiguration;
			buildSettings = {
				ASSETCATALOG_COMPILER_APPICON_NAME = AppIcon;
				ASSETCATALOG_COMPILER_GLOBAL_ACCENT_COLOR_NAME = AccentColor;
				CODE_SIGN_STYLE = Automatic;
				CURRENT_PROJECT_VERSION = 1;
				DEVELOPMENT_ASSET_PATHS = "\"GuideU/Preview Content\"";
				DEVELOPMENT_TEAM = H25F4B7J4U;
				ENABLE_PREVIEWS = YES;
				GENERATE_INFOPLIST_FILE = YES;
				INFOPLIST_FILE = GuideU/Info.plist;
				INFOPLIST_KEY_UIApplicationSceneManifest_Generation = YES;
				INFOPLIST_KEY_UIApplicationSupportsIndirectInputEvents = YES;
				INFOPLIST_KEY_UILaunchScreen_Generation = YES;
				INFOPLIST_KEY_UISupportedInterfaceOrientations_iPad = "UIInterfaceOrientationPortrait UIInterfaceOrientationPortraitUpsideDown UIInterfaceOrientationLandscapeLeft UIInterfaceOrientationLandscapeRight";
				INFOPLIST_KEY_UISupportedInterfaceOrientations_iPhone = "UIInterfaceOrientationPortrait UIInterfaceOrientationLandscapeLeft UIInterfaceOrientationLandscapeRight";
				IPHONEOS_DEPLOYMENT_TARGET = 16.0;
				LD_RUNPATH_SEARCH_PATHS = (
					"$(inherited)",
					"@executable_path/Frameworks",
				);
				MARKETING_VERSION = 1.0;
				PRODUCT_BUNDLE_IDENTIFIER = LittleTail.GuideU;
				PRODUCT_NAME = "$(TARGET_NAME)";
				SUPPORTED_PLATFORMS = "iphoneos iphonesimulator";
				SUPPORTS_MACCATALYST = NO;
				SUPPORTS_MAC_DESIGNED_FOR_IPHONE_IPAD = NO;
				SUPPORTS_XR_DESIGNED_FOR_IPHONE_IPAD = NO;
				SWIFT_EMIT_LOC_STRINGS = YES;
				SWIFT_VERSION = 5.0;
				TARGETED_DEVICE_FAMILY = 1;
			};
			name = Release;
		};
/* End XCBuildConfiguration section */

/* Begin XCConfigurationList section */
		7B15817E2C6A476200599E7C /* Build configuration list for PBXProject "GuideU" */ = {
			isa = XCConfigurationList;
			buildConfigurations = (
				7B15818F2C6A476300599E7C /* Debug */,
				7B1581902C6A476300599E7C /* Release */,
			);
			defaultConfigurationIsVisible = 0;
			defaultConfigurationName = Release;
		};
		7B1581912C6A476300599E7C /* Build configuration list for PBXNativeTarget "GuideU" */ = {
			isa = XCConfigurationList;
			buildConfigurations = (
				7B1581922C6A476300599E7C /* Debug */,
				7B1581932C6A476300599E7C /* Release */,
			);
			defaultConfigurationIsVisible = 0;
			defaultConfigurationName = Release;
		};
/* End XCConfigurationList section */

/* Begin XCRemoteSwiftPackageReference section */
		7B1581C02C6BBB8C00599E7C /* XCRemoteSwiftPackageReference "swift-composable-architecture" */ = {
			isa = XCRemoteSwiftPackageReference;
			repositoryURL = "https://github.com/pointfreeco/swift-composable-architecture.git";
			requirement = {
				kind = upToNextMajorVersion;
				minimumVersion = 1.12.1;
			};
		};
		7B1581C32C6BBD1C00599E7C /* XCRemoteSwiftPackageReference "TCACoordinators" */ = {
			isa = XCRemoteSwiftPackageReference;
			repositoryURL = "https://github.com/johnpatrickmorgan/TCACoordinators.git";
			requirement = {
				kind = upToNextMajorVersion;
				minimumVersion = 0.10.1;
			};
		};
		7B1581C62C6BBD3F00599E7C /* XCRemoteSwiftPackageReference "Alamofire" */ = {
			isa = XCRemoteSwiftPackageReference;
			repositoryURL = "https://github.com/Alamofire/Alamofire.git";
			requirement = {
				kind = upToNextMajorVersion;
				minimumVersion = 5.9.1;
			};
		};
		7B1581C92C6BBD4F00599E7C /* XCRemoteSwiftPackageReference "Kingfisher" */ = {
			isa = XCRemoteSwiftPackageReference;
			repositoryURL = "https://github.com/onevcat/Kingfisher.git";
			requirement = {
				kind = upToNextMajorVersion;
				minimumVersion = 7.12.0;
			};
		};
		7B1581CC2C6BBD6800599E7C /* XCRemoteSwiftPackageReference "PopupView" */ = {
			isa = XCRemoteSwiftPackageReference;
			repositoryURL = "https://github.com/exyte/PopupView";
			requirement = {
				kind = upToNextMajorVersion;
				minimumVersion = 3.0.5;
			};
		};
/* End XCRemoteSwiftPackageReference section */

/* Begin XCSwiftPackageProductDependency section */
		7B1581C12C6BBB8C00599E7C /* ComposableArchitecture */ = {
			isa = XCSwiftPackageProductDependency;
			package = 7B1581C02C6BBB8C00599E7C /* XCRemoteSwiftPackageReference "swift-composable-architecture" */;
			productName = ComposableArchitecture;
		};
		7B1581C42C6BBD1C00599E7C /* TCACoordinators */ = {
			isa = XCSwiftPackageProductDependency;
			package = 7B1581C32C6BBD1C00599E7C /* XCRemoteSwiftPackageReference "TCACoordinators" */;
			productName = TCACoordinators;
		};
		7B1581C72C6BBD3F00599E7C /* Alamofire */ = {
			isa = XCSwiftPackageProductDependency;
			package = 7B1581C62C6BBD3F00599E7C /* XCRemoteSwiftPackageReference "Alamofire" */;
			productName = Alamofire;
		};
		7B1581CA2C6BBD4F00599E7C /* Kingfisher */ = {
			isa = XCSwiftPackageProductDependency;
			package = 7B1581C92C6BBD4F00599E7C /* XCRemoteSwiftPackageReference "Kingfisher" */;
			productName = Kingfisher;
		};
		7B1581CD2C6BBD6800599E7C /* PopupView */ = {
			isa = XCSwiftPackageProductDependency;
			package = 7B1581CC2C6BBD6800599E7C /* XCRemoteSwiftPackageReference "PopupView" */;
			productName = PopupView;
		};
/* End XCSwiftPackageProductDependency section */
	};
	rootObject = 7B15817B2C6A476200599E7C /* Project object */;
}
